
Microsoft Visual Studio Solution File, Format Version 12.00
# Visual Studio Version 17
VisualStudioVersion = 17.3.32819.101
MinimumVisualStudioVersion = 10.0.40219.1
Project("{9A19103F-16F7-4668-BE54-9A1E7A4F7556}") = "Kanban.SharedUI", "KanbanSharedUI\Kanban.SharedUI.csproj", "{15CFB5B9-EEBF-4FBC-B16B-1CB1AB6F794C}"
EndProject
Project("{9A19103F-16F7-4668-BE54-9A1E7A4F7556}") = "Kanban.Web", "Kanban.Web\Kanban.Web.csproj", "{4A0F565A-1860-40C2-9536-C944FCE6B9FC}"
EndProject
Project("{9A19103F-16F7-4668-BE54-9A1E7A4F7556}") = "Kanban.App", "Kanban.App\Kanban.App.csproj", "{BBB48CB5-2A49-4164-A614-41B5069EA702}"
EndProject
Project("{9A19103F-16F7-4668-BE54-9A1E7A4F7556}") = "MudBlazor", "..\Github\MudBlazor\src\MudBlazor\MudBlazor.csproj", "{4449C8C4-7C8B-41F6-999E-6921F9ABA435}"
EndProject
Global
	GlobalSection(SolutionConfigurationPlatforms) = preSolution
		Debug|Any CPU = Debug|Any CPU
		Release|Any CPU = Release|Any CPU
	EndGlobalSection
	GlobalSection(ProjectConfigurationPlatforms) = postSolution
		{15CFB5B9-EEBF-4FBC-B16B-1CB1AB6F794C}.Debug|Any CPU.ActiveCfg = Debug|Any CPU
		{15CFB5B9-EEBF-4FBC-B16B-1CB1AB6F794C}.Debug|Any CPU.Build.0 = Debug|Any CPU
		{15CFB5B9-EEBF-4FBC-B16B-1CB1AB6F794C}.Release|Any CPU.ActiveCfg = Release|Any CPU
		{15CFB5B9-EEBF-4FBC-B16B-1CB1AB6F794C}.Release|Any CPU.Build.0 = Release|Any CPU
		{4A0F565A-1860-40C2-9536-C944FCE6B9FC}.Debug|Any CPU.ActiveCfg = Debug|Any CPU
		{4A0F565A-1860-40C2-9536-C944FCE6B9FC}.Debug|Any CPU.Build.0 = Debug|Any CPU
		{4A0F565A-1860-40C2-9536-C944FCE6B9FC}.Release|Any CPU.ActiveCfg = Release|Any CPU
		{4A0F565A-1860-40C2-9536-C944FCE6B9FC}.Release|Any CPU.Build.0 = Release|Any CPU
		{BBB48CB5-2A49-4164-A614-41B5069EA702}.Debug|Any CPU.ActiveCfg = Debug|Any CPU
		{BBB48CB5-2A49-4164-A614-41B5069EA702}.Debug|Any CPU.Build.0 = Debug|Any CPU
		{BBB48CB5-2A49-4164-A614-41B5069EA702}.Debug|Any CPU.Deploy.0 = Debug|Any CPU
		{BBB48CB5-2A49-4164-A614-41B5069EA702}.Release|Any CPU.ActiveCfg = Release|Any CPU
		{BBB48CB5-2A49-4164-A614-41B5069EA702}.Release|Any CPU.Build.0 = Release|Any CPU
		{BBB48CB5-2A49-4164-A614-41B5069EA702}.Release|Any CPU.Deploy.0 = Release|Any CPU
		{4449C8C4-7C8B-41F6-999E-6921F9ABA435}.Debug|Any CPU.ActiveCfg = Debug|Any CPU
		{4449C8C4-7C8B-41F6-999E-6921F9ABA435}.Debug|Any CPU.Build.0 = Debug|Any CPU
		{4449C8C4-7C8B-41F6-999E-6921F9ABA435}.Release|Any CPU.ActiveCfg = Release|Any CPU
		{4449C8C4-7C8B-41F6-999E-6921F9ABA435}.Release|Any CPU.Build.0 = Release|Any CPU
	EndGlobalSection
	GlobalSection(SolutionProperties) = preSolution
		HideSolutionNode = FALSE
	EndGlobalSection
	GlobalSection(ExtensibilityGlobals) = postSolution
		SolutionGuid = {FF81A896-1818-42A5-A4A9-157BDC992C22}
	EndGlobalSection
EndGlobal
